
Microsoft Visual Studio Solution File, Format Version 12.00
# Visual Studio Version 16
VisualStudioVersion = 16.0.30503.244
MinimumVisualStudioVersion = 10.0.40219.1
Project("{9A19103F-16F7-4668-BE54-9A1E7A4F7556}") = "StorageServiceMigration", "StorageServiceMigration\StorageServiceMigration.csproj", "{F4762BBE-88D4-49F8-8DDC-C79364E3F8E7}"
EndProject
Project("{9A19103F-16F7-4668-BE54-9A1E7A4F7556}") = "Suddath.Helix.JobMgmt.Models", "Suddath.Helix.JobMgmt.Models\Suddath.Helix.JobMgmt.Models.csproj", "{64A0206E-86DF-473F-AB18-971E50FA36DA}"
EndProject
Project("{9A19103F-16F7-4668-BE54-9A1E7A4F7556}") = "Suddath.Helix.JobMgmt.Services.Interfaces", "Suddath.Helix.JobMgmt.Service.Interfaces\Suddath.Helix.JobMgmt.Services.Interfaces.csproj", "{F9847CA9-F5A0-4A65-96AB-F592E3B1A535}"
EndProject
Project("{9A19103F-16F7-4668-BE54-9A1E7A4F7556}") = "Suddath.Helix.JobMgmt.Services.Water", "Suddath.Helix.JobMgmt.Service.Water\Suddath.Helix.JobMgmt.Services.Water.csproj", "{27481254-802C-45A7-B5ED-E7DA366E4720}"
EndProject
Project("{9A19103F-16F7-4668-BE54-9A1E7A4F7556}") = "Suddath.Helix.JobMgmt.Infrastructure", "Suddath.Helix.JobMgmt.Infrastructure\Suddath.Helix.JobMgmt.Infrastructure.csproj", "{E1C43580-92DB-4431-96BD-4A68E7FD8BD8}"
EndProject
Global
	GlobalSection(SolutionConfigurationPlatforms) = preSolution
		Debug|Any CPU = Debug|Any CPU
		Release|Any CPU = Release|Any CPU
	EndGlobalSection
	GlobalSection(ProjectConfigurationPlatforms) = postSolution
		{F4762BBE-88D4-49F8-8DDC-C79364E3F8E7}.Debug|Any CPU.ActiveCfg = Debug|Any CPU
		{F4762BBE-88D4-49F8-8DDC-C79364E3F8E7}.Debug|Any CPU.Build.0 = Debug|Any CPU
		{F4762BBE-88D4-49F8-8DDC-C79364E3F8E7}.Release|Any CPU.ActiveCfg = Release|Any CPU
		{F4762BBE-88D4-49F8-8DDC-C79364E3F8E7}.Release|Any CPU.Build.0 = Release|Any CPU
		{64A0206E-86DF-473F-AB18-971E50FA36DA}.Debug|Any CPU.ActiveCfg = Debug|Any CPU
		{64A0206E-86DF-473F-AB18-971E50FA36DA}.Debug|Any CPU.Build.0 = Debug|Any CPU
		{64A0206E-86DF-473F-AB18-971E50FA36DA}.Release|Any CPU.ActiveCfg = Release|Any CPU
		{64A0206E-86DF-473F-AB18-971E50FA36DA}.Release|Any CPU.Build.0 = Release|Any CPU
		{F9847CA9-F5A0-4A65-96AB-F592E3B1A535}.Debug|Any CPU.ActiveCfg = Debug|Any CPU
		{F9847CA9-F5A0-4A65-96AB-F592E3B1A535}.Debug|Any CPU.Build.0 = Debug|Any CPU
		{F9847CA9-F5A0-4A65-96AB-F592E3B1A535}.Release|Any CPU.ActiveCfg = Release|Any CPU
		{F9847CA9-F5A0-4A65-96AB-F592E3B1A535}.Release|Any CPU.Build.0 = Release|Any CPU
		{27481254-802C-45A7-B5ED-E7DA366E4720}.Debug|Any CPU.ActiveCfg = Debug|Any CPU
		{27481254-802C-45A7-B5ED-E7DA366E4720}.Debug|Any CPU.Build.0 = Debug|Any CPU
		{27481254-802C-45A7-B5ED-E7DA366E4720}.Release|Any CPU.ActiveCfg = Release|Any CPU
		{27481254-802C-45A7-B5ED-E7DA366E4720}.Release|Any CPU.Build.0 = Release|Any CPU
		{E1C43580-92DB-4431-96BD-4A68E7FD8BD8}.Debug|Any CPU.ActiveCfg = Debug|Any CPU
		{E1C43580-92DB-4431-96BD-4A68E7FD8BD8}.Debug|Any CPU.Build.0 = Debug|Any CPU
		{E1C43580-92DB-4431-96BD-4A68E7FD8BD8}.Release|Any CPU.ActiveCfg = Release|Any CPU
		{E1C43580-92DB-4431-96BD-4A68E7FD8BD8}.Release|Any CPU.Build.0 = Release|Any CPU
	EndGlobalSection
	GlobalSection(SolutionProperties) = preSolution
		HideSolutionNode = FALSE
	EndGlobalSection
	GlobalSection(ExtensibilityGlobals) = postSolution
		SolutionGuid = {965FAB73-2C1B-401A-B69C-FC4C288D1FD5}
	EndGlobalSection
EndGlobal
